
Microsoft Visual Studio Solution File, Format Version 12.00
# Visual Studio Version 16
VisualStudioVersion = 25.0.1703.8
MinimumVisualStudioVersion = 10.0.40219.1
Project("{FAE04EC0-301F-11D3-BF4B-00C04F79EFBC}") = "Krypto_Protokolle", "Krypto_Protokolle\Krypto_Protokolle.csproj", "{AF287A70-1A77-4C91-A0C8-0CD97EC247BF}"
EndProject
Global
	GlobalSection(SolutionConfigurationPlatforms) = preSolution
		Debug|Any CPU = Debug|Any CPU
		Release|Any CPU = Release|Any CPU
	EndGlobalSection
	GlobalSection(ProjectConfigurationPlatforms) = postSolution
		{AF287A70-1A77-4C91-A0C8-0CD97EC247BF}.Debug|Any CPU.ActiveCfg = Debug|Any CPU
		{AF287A70-1A77-4C91-A0C8-0CD97EC247BF}.Debug|Any CPU.Build.0 = Debug|Any CPU
		{AF287A70-1A77-4C91-A0C8-0CD97EC247BF}.Release|Any CPU.ActiveCfg = Release|Any CPU
		{AF287A70-1A77-4C91-A0C8-0CD97EC247BF}.Release|Any CPU.Build.0 = Release|Any CPU
	EndGlobalSection
	GlobalSection(SolutionProperties) = preSolution
		HideSolutionNode = FALSE
	EndGlobalSection
	GlobalSection(ExtensibilityGlobals) = postSolution
		SolutionGuid = {0BD7A9BD-8E4A-45E8-B606-530711D1637E}
	EndGlobalSection
EndGlobal
